{
  "nodes": {
    "nixpkgs": {
      "locked": {
        "lastModified": 0,
        "narHash": "sha256-AlcmCXJZPIlO5dmFzV3V2XF6x/OpNWUV8Y/FMPGd8Z4=",
        "path": "/nix/store/lsy6c2f9alj2gkjj36h754kk63x6701l-source",
        "type": "path"
      },
      "original": {
        "id": "nixpkgs",
        "type": "indirect"
      }
    },
    "root": {
      "inputs": {
        "nixpkgs": "nixpkgs",
        "stremio": "stremio"
      }
    },
    "stremio": {
      "flake": false,
      "locked": {
        "lastModified": 1711535500,
        "narHash": "sha256-pz1mie0kJov06GcyitvZu5Gg0Vz3YnigjDqFujGKqZM=",
        "ref": "refs/tags/v4.4.168",
        "rev": "7cd1203b6364edee148b24a08830e3f57ebe1029",
        "revCount": 847,
        "submodules": true,
        "type": "git",
        "url": "https://github.com/Stremio/stremio-shell/"
      },
      "original": {
        "ref": "refs/tags/v4.4.168",
        "submodules": true,
        "type": "git",
        "url": "https://github.com/Stremio/stremio-shell/"
      }
    }
  },
  "root": "root",
  "version": 7
}
