{
  "nodes": {
    "nixpkgs": {
      "locked": {
        "lastModified": 1769237874,
        "narHash": "sha256-saOixpqPT4fiE/M8EfHv9I98f3sSEvt6nhMJ/z0a7xI=",
        "owner": "NixOS",
        "repo": "nixpkgs",
        "rev": "523257564973361cc3e55e3df3e77e68c20b0b80",
        "type": "github"
      },
      "original": {
        "id": "nixpkgs",
        "type": "indirect"
      }
    },
    "root": {
      "inputs": {
        "nixpkgs": "nixpkgs",
        "stremio": "stremio"
      }
    },
    "stremio": {
      "flake": false,
      "locked": {
        "lastModified": 1768306559,
        "narHash": "sha256-YjaR0Y4tVVfp0Jj+Q5SnD8BoT/VtPMrZYeABnqd9BPk=",
        "ref": "refs/tags/v4.4.171",
        "rev": "3d7ce71cd638e20f69b958d1e8444cd7c6297f37",
        "revCount": 877,
        "submodules": true,
        "type": "git",
        "url": "https://github.com/Stremio/stremio-shell/"
      },
      "original": {
        "ref": "refs/tags/v4.4.171",
        "submodules": true,
        "type": "git",
        "url": "https://github.com/Stremio/stremio-shell/"
      }
    }
  },
  "root": "root",
  "version": 7
}
